
Microsoft Visual Studio Solution File, Format Version 12.00
# Visual Studio 15
Project("{FAE04EC0-301F-11D3-BF4B-00C04F79EFBC}") = "Assembly-CSharp", "Assembly-CSharp.csproj", "{76A4092F-4BF7-BDC0-6ECF-7E6A3AFBB1D2}"
EndProject
Project("{FAE04EC0-301F-11D3-BF4B-00C04F79EFBC}") = "Assembly-CSharp-Editor", "Assembly-CSharp-Editor.csproj", "{1D352A01-0D07-86F2-5E19-EFC5C9317FEA}"
EndProject
Global
	GlobalSection(SolutionConfigurationPlatforms) = preSolution
		Debug|Any CPU = Debug|Any CPU
		Release|Any CPU = Release|Any CPU
	EndGlobalSection
	GlobalSection(ProjectConfigurationPlatforms) = postSolution
		{76A4092F-4BF7-BDC0-6ECF-7E6A3AFBB1D2}.Debug|Any CPU.ActiveCfg = Debug|Any CPU
		{76A4092F-4BF7-BDC0-6ECF-7E6A3AFBB1D2}.Debug|Any CPU.Build.0 = Debug|Any CPU
		{76A4092F-4BF7-BDC0-6ECF-7E6A3AFBB1D2}.Release|Any CPU.ActiveCfg = Release|Any CPU
		{76A4092F-4BF7-BDC0-6ECF-7E6A3AFBB1D2}.Release|Any CPU.Build.0 = Release|Any CPU
		{1D352A01-0D07-86F2-5E19-EFC5C9317FEA}.Debug|Any CPU.ActiveCfg = Debug|Any CPU
		{1D352A01-0D07-86F2-5E19-EFC5C9317FEA}.Debug|Any CPU.Build.0 = Debug|Any CPU
		{1D352A01-0D07-86F2-5E19-EFC5C9317FEA}.Release|Any CPU.ActiveCfg = Release|Any CPU
		{1D352A01-0D07-86F2-5E19-EFC5C9317FEA}.Release|Any CPU.Build.0 = Release|Any CPU
	EndGlobalSection
	GlobalSection(SolutionProperties) = preSolution
		HideSolutionNode = FALSE
	EndGlobalSection
EndGlobal
